
Microsoft Visual Studio Solution File, Format Version 12.00
# Visual Studio Version 17
VisualStudioVersion = 17.13.35931.197 d17.13
MinimumVisualStudioVersion = 10.0.40219.1
Project("{FAE04EC0-301F-11D3-BF4B-00C04F79EFBC}") = "Flight", "Flight\Flight.csproj", "{7BD333C2-179F-477A-8DEE-B16FBD8B4B86}"
EndProject
Global
	GlobalSection(SolutionConfigurationPlatforms) = preSolution
		Debug|Any CPU = Debug|Any CPU
		Release|Any CPU = Release|Any CPU
	EndGlobalSection
	GlobalSection(ProjectConfigurationPlatforms) = postSolution
		{7BD333C2-179F-477A-8DEE-B16FBD8B4B86}.Debug|Any CPU.ActiveCfg = Debug|Any CPU
		{7BD333C2-179F-477A-8DEE-B16FBD8B4B86}.Debug|Any CPU.Build.0 = Debug|Any CPU
		{7BD333C2-179F-477A-8DEE-B16FBD8B4B86}.Release|Any CPU.ActiveCfg = Release|Any CPU
		{7BD333C2-179F-477A-8DEE-B16FBD8B4B86}.Release|Any CPU.Build.0 = Release|Any CPU
	EndGlobalSection
	GlobalSection(SolutionProperties) = preSolution
		HideSolutionNode = FALSE
	EndGlobalSection
	GlobalSection(ExtensibilityGlobals) = postSolution
		SolutionGuid = {6512F298-6D64-4850-AC14-17DEA68E0E67}
	EndGlobalSection
EndGlobal
